
Microsoft Visual Studio Solution File, Format Version 12.00
# Visual Studio Version 17
VisualStudioVersion = 17.9.34902.65
MinimumVisualStudioVersion = 10.0.40219.1
Project("{FAE04EC0-301F-11D3-BF4B-00C04F79EFBC}") = "enemigos_siguen", "enemigos_siguen\enemigos_siguen.csproj", "{1118BCA5-71BE-4239-9B2B-B44ED13900CA}"
EndProject
Global
	GlobalSection(SolutionConfigurationPlatforms) = preSolution
		Debug|Any CPU = Debug|Any CPU
		Release|Any CPU = Release|Any CPU
	EndGlobalSection
	GlobalSection(ProjectConfigurationPlatforms) = postSolution
		{1118BCA5-71BE-4239-9B2B-B44ED13900CA}.Debug|Any CPU.ActiveCfg = Debug|Any CPU
		{1118BCA5-71BE-4239-9B2B-B44ED13900CA}.Debug|Any CPU.Build.0 = Debug|Any CPU
		{1118BCA5-71BE-4239-9B2B-B44ED13900CA}.Release|Any CPU.ActiveCfg = Release|Any CPU
		{1118BCA5-71BE-4239-9B2B-B44ED13900CA}.Release|Any CPU.Build.0 = Release|Any CPU
	EndGlobalSection
	GlobalSection(SolutionProperties) = preSolution
		HideSolutionNode = FALSE
	EndGlobalSection
	GlobalSection(ExtensibilityGlobals) = postSolution
		SolutionGuid = {375B86C8-4ACC-4A8A-8577-B0DC8561947B}
	EndGlobalSection
EndGlobal
