
Microsoft Visual Studio Solution File, Format Version 12.00
# Visual Studio Version 17
VisualStudioVersion = 17.9.34714.143
MinimumVisualStudioVersion = 10.0.40219.1
Project("{FAE04EC0-301F-11D3-BF4B-00C04F79EFBC}") = "animacion2", "animacion2\animacion2.csproj", "{CC01AFAD-CCD2-4C93-9038-69FAEE07AAD7}"
EndProject
Project("{2150E333-8FDC-42A3-9474-1A3956D46DE8}") = "Elementos de la solución", "Elementos de la solución", "{B83CD3F3-41FE-4C56-A21D-01FC201450D6}"
EndProject
Global
	GlobalSection(SolutionConfigurationPlatforms) = preSolution
		Debug|Any CPU = Debug|Any CPU
		Release|Any CPU = Release|Any CPU
	EndGlobalSection
	GlobalSection(ProjectConfigurationPlatforms) = postSolution
		{CC01AFAD-CCD2-4C93-9038-69FAEE07AAD7}.Debug|Any CPU.ActiveCfg = Debug|Any CPU
		{CC01AFAD-CCD2-4C93-9038-69FAEE07AAD7}.Debug|Any CPU.Build.0 = Debug|Any CPU
		{CC01AFAD-CCD2-4C93-9038-69FAEE07AAD7}.Release|Any CPU.ActiveCfg = Release|Any CPU
		{CC01AFAD-CCD2-4C93-9038-69FAEE07AAD7}.Release|Any CPU.Build.0 = Release|Any CPU
	EndGlobalSection
	GlobalSection(SolutionProperties) = preSolution
		HideSolutionNode = FALSE
	EndGlobalSection
	GlobalSection(ExtensibilityGlobals) = postSolution
		SolutionGuid = {6165936A-DE04-4F4A-A01D-005BF13E50A8}
	EndGlobalSection
EndGlobal
