
Microsoft Visual Studio Solution File, Format Version 12.00
# Visual Studio Version 17
VisualStudioVersion = 17.9.34714.143
MinimumVisualStudioVersion = 10.0.40219.1
Project("{FAE04EC0-301F-11D3-BF4B-00C04F79EFBC}") = "pruebaMapa1", "pruebaMapa1\pruebaMapa1.csproj", "{4202A43D-3AAD-4B19-BEC7-2ECA5B9AF96C}"
EndProject
Global
	GlobalSection(SolutionConfigurationPlatforms) = preSolution
		Debug|Any CPU = Debug|Any CPU
		Release|Any CPU = Release|Any CPU
	EndGlobalSection
	GlobalSection(ProjectConfigurationPlatforms) = postSolution
		{4202A43D-3AAD-4B19-BEC7-2ECA5B9AF96C}.Debug|Any CPU.ActiveCfg = Debug|Any CPU
		{4202A43D-3AAD-4B19-BEC7-2ECA5B9AF96C}.Debug|Any CPU.Build.0 = Debug|Any CPU
		{4202A43D-3AAD-4B19-BEC7-2ECA5B9AF96C}.Release|Any CPU.ActiveCfg = Release|Any CPU
		{4202A43D-3AAD-4B19-BEC7-2ECA5B9AF96C}.Release|Any CPU.Build.0 = Release|Any CPU
	EndGlobalSection
	GlobalSection(SolutionProperties) = preSolution
		HideSolutionNode = FALSE
	EndGlobalSection
	GlobalSection(ExtensibilityGlobals) = postSolution
		SolutionGuid = {3EA2A705-B7CA-473B-950D-D6BB8DFABB5F}
	EndGlobalSection
EndGlobal
